
Microsoft Visual Studio Solution File, Format Version 12.00
# Visual Studio Version 17
VisualStudioVersion = 17.9.34728.123
MinimumVisualStudioVersion = 10.0.40219.1
Project("{FAE04EC0-301F-11D3-BF4B-00C04F79EFBC}") = "Doga_2", "Doga_2.csproj", "{4D68328E-1B8A-4BD6-9BD2-ADD70DE4307B}"
EndProject
Global
	GlobalSection(SolutionConfigurationPlatforms) = preSolution
		Debug|Any CPU = Debug|Any CPU
		Release|Any CPU = Release|Any CPU
	EndGlobalSection
	GlobalSection(ProjectConfigurationPlatforms) = postSolution
		{4D68328E-1B8A-4BD6-9BD2-ADD70DE4307B}.Debug|Any CPU.ActiveCfg = Debug|Any CPU
		{4D68328E-1B8A-4BD6-9BD2-ADD70DE4307B}.Debug|Any CPU.Build.0 = Debug|Any CPU
		{4D68328E-1B8A-4BD6-9BD2-ADD70DE4307B}.Release|Any CPU.ActiveCfg = Release|Any CPU
		{4D68328E-1B8A-4BD6-9BD2-ADD70DE4307B}.Release|Any CPU.Build.0 = Release|Any CPU
	EndGlobalSection
	GlobalSection(SolutionProperties) = preSolution
		HideSolutionNode = FALSE
	EndGlobalSection
	GlobalSection(ExtensibilityGlobals) = postSolution
		SolutionGuid = {B29DC3C5-EA4A-442C-90D1-923F917E301D}
	EndGlobalSection
EndGlobal
